
Microsoft Visual Studio Solution File, Format Version 12.00
# Visual Studio Version 16
VisualStudioVersion = 16.0.30011.22
MinimumVisualStudioVersion = 10.0.40219.1
Project("{FAE04EC0-301F-11D3-BF4B-00C04F79EFBC}") = "ToDoList", "ToDoList\ToDoList.csproj", "{B7510C4C-7017-453C-8F33-A7FB6FD25291}"
EndProject
Project("{FAE04EC0-301F-11D3-BF4B-00C04F79EFBC}") = "ToDoList.Services", "ToDoList.Services\ToDoList.Services.csproj", "{C82E71E4-D1C6-4BD1-8965-B1823AC237EC}"
EndProject
Project("{FAE04EC0-301F-11D3-BF4B-00C04F79EFBC}") = "ToDoList.Infrastructure", "ToDoList.Infrastructure\ToDoList.Infrastructure.csproj", "{28271073-0D2B-4283-8D48-33E0A2BA2A5E}"
EndProject
Project("{FAE04EC0-301F-11D3-BF4B-00C04F79EFBC}") = "ToDoList.Core", "ToDoList.Core\ToDoList.Core.csproj", "{45D82636-5290-4D33-AA83-340F9D47BF62}"
EndProject
Global
	GlobalSection(SolutionConfigurationPlatforms) = preSolution
		Debug|Any CPU = Debug|Any CPU
		Release|Any CPU = Release|Any CPU
	EndGlobalSection
	GlobalSection(ProjectConfigurationPlatforms) = postSolution
		{B7510C4C-7017-453C-8F33-A7FB6FD25291}.Debug|Any CPU.ActiveCfg = Debug|Any CPU
		{B7510C4C-7017-453C-8F33-A7FB6FD25291}.Debug|Any CPU.Build.0 = Debug|Any CPU
		{B7510C4C-7017-453C-8F33-A7FB6FD25291}.Release|Any CPU.ActiveCfg = Release|Any CPU
		{B7510C4C-7017-453C-8F33-A7FB6FD25291}.Release|Any CPU.Build.0 = Release|Any CPU
		{C82E71E4-D1C6-4BD1-8965-B1823AC237EC}.Debug|Any CPU.ActiveCfg = Debug|Any CPU
		{C82E71E4-D1C6-4BD1-8965-B1823AC237EC}.Debug|Any CPU.Build.0 = Debug|Any CPU
		{C82E71E4-D1C6-4BD1-8965-B1823AC237EC}.Release|Any CPU.ActiveCfg = Release|Any CPU
		{C82E71E4-D1C6-4BD1-8965-B1823AC237EC}.Release|Any CPU.Build.0 = Release|Any CPU
		{28271073-0D2B-4283-8D48-33E0A2BA2A5E}.Debug|Any CPU.ActiveCfg = Debug|Any CPU
		{28271073-0D2B-4283-8D48-33E0A2BA2A5E}.Debug|Any CPU.Build.0 = Debug|Any CPU
		{28271073-0D2B-4283-8D48-33E0A2BA2A5E}.Release|Any CPU.ActiveCfg = Release|Any CPU
		{28271073-0D2B-4283-8D48-33E0A2BA2A5E}.Release|Any CPU.Build.0 = Release|Any CPU
		{45D82636-5290-4D33-AA83-340F9D47BF62}.Debug|Any CPU.ActiveCfg = Debug|Any CPU
		{45D82636-5290-4D33-AA83-340F9D47BF62}.Debug|Any CPU.Build.0 = Debug|Any CPU
		{45D82636-5290-4D33-AA83-340F9D47BF62}.Release|Any CPU.ActiveCfg = Release|Any CPU
		{45D82636-5290-4D33-AA83-340F9D47BF62}.Release|Any CPU.Build.0 = Release|Any CPU
	EndGlobalSection
	GlobalSection(SolutionProperties) = preSolution
		HideSolutionNode = FALSE
	EndGlobalSection
	GlobalSection(ExtensibilityGlobals) = postSolution
		SolutionGuid = {EBA72E80-0199-411E-BB46-03F6C2E8141E}
	EndGlobalSection
EndGlobal
